dependencies:
- name: base
  repository: file://../../charts/base
  version: 1.24.1
- name: cni
  repository: file://../../charts/istio-cni
  version: 1.24.1
- name: istiod
  repository: file://../../charts/istio-control/istio-discovery
  version: 1.24.1
- name: ztunnel
  repository: file://../../charts/ztunnel
  version: 1.24.1
digest: sha256:a4c7724d46a179a42f6cc89f6b52aad285eb301796530e345e14c846bc3a54fb
generated: "2024-11-20T21:10:04.514372216Z"
